
Microsoft Visual Studio Solution File, Format Version 12.00
# Visual Studio 2017
Project("{FAE04EC0-301F-11D3-BF4B-00C04F79EFBC}") = "Room-Escape-VR.Plugins", "Room-Escape-VR.Plugins.csproj", "{FD77CC31-6F44-9F07-1CC8-1FF1A89FDACA}"
EndProject
Project("{FAE04EC0-301F-11D3-BF4B-00C04F79EFBC}") = "Room-Escape-VR", "Room-Escape-VR.csproj", "{4E1E0710-D1E6-6B14-6A94-180CFBFBDE66}"
EndProject
Project("{FAE04EC0-301F-11D3-BF4B-00C04F79EFBC}") = "Room-Escape-VR.Editor", "Room-Escape-VR.Editor.csproj", "{B3EFCD61-7D4A-B3F3-74C5-E6DD686B9B9A}"
EndProject
Global
	GlobalSection(SolutionConfigurationPlatforms) = preSolution
		Debug|Any CPU = Debug|Any CPU
		Release|Any CPU = Release|Any CPU
	EndGlobalSection
	GlobalSection(ProjectConfigurationPlatforms) = postSolution
		{FD77CC31-6F44-9F07-1CC8-1FF1A89FDACA}.Debug|Any CPU.ActiveCfg = Debug|Any CPU
		{FD77CC31-6F44-9F07-1CC8-1FF1A89FDACA}.Debug|Any CPU.Build.0 = Debug|Any CPU
		{FD77CC31-6F44-9F07-1CC8-1FF1A89FDACA}.Release|Any CPU.ActiveCfg = Release|Any CPU
		{FD77CC31-6F44-9F07-1CC8-1FF1A89FDACA}.Release|Any CPU.Build.0 = Release|Any CPU
		{4E1E0710-D1E6-6B14-6A94-180CFBFBDE66}.Debug|Any CPU.ActiveCfg = Debug|Any CPU
		{4E1E0710-D1E6-6B14-6A94-180CFBFBDE66}.Debug|Any CPU.Build.0 = Debug|Any CPU
		{4E1E0710-D1E6-6B14-6A94-180CFBFBDE66}.Release|Any CPU.ActiveCfg = Release|Any CPU
		{4E1E0710-D1E6-6B14-6A94-180CFBFBDE66}.Release|Any CPU.Build.0 = Release|Any CPU
		{B3EFCD61-7D4A-B3F3-74C5-E6DD686B9B9A}.Debug|Any CPU.ActiveCfg = Debug|Any CPU
		{B3EFCD61-7D4A-B3F3-74C5-E6DD686B9B9A}.Debug|Any CPU.Build.0 = Debug|Any CPU
		{B3EFCD61-7D4A-B3F3-74C5-E6DD686B9B9A}.Release|Any CPU.ActiveCfg = Release|Any CPU
		{B3EFCD61-7D4A-B3F3-74C5-E6DD686B9B9A}.Release|Any CPU.Build.0 = Release|Any CPU
	EndGlobalSection
	GlobalSection(SolutionProperties) = preSolution
		HideSolutionNode = FALSE
	EndGlobalSection
EndGlobal
