Microsoft Visual Studio Solution File, Format Version 11.00
# Visual Studio 2008

Project("{F6F69306-1EE0-EE4B-9F9A-DB562619438E}") = "Room Escape VR", "Assembly-CSharp-firstpass.csproj", "{E8275CA1-06F4-E48D-F380-273801019F6A}"
EndProject
Project("{F6F69306-1EE0-EE4B-9F9A-DB562619438E}") = "Room Escape VR", "Assembly-CSharp.csproj", "{580E3411-8A9D-D60B-96C3-9D92E6017477}"
EndProject
Project("{F6F69306-1EE0-EE4B-9F9A-DB562619438E}") = "Room Escape VR", "Assembly-CSharp-Editor.csproj", "{FB46C50C-EC64-A8CF-E0FE-DF5565D35D69}"
EndProject
Global
	GlobalSection(SolutionConfigurationPlatforms) = preSolution
		Debug|Any CPU = Debug|Any CPU
		Release|Any CPU = Release|Any CPU
	EndGlobalSection
	GlobalSection(ProjectConfigurationPlatforms) = postSolution
		{E8275CA1-06F4-E48D-F380-273801019F6A}.Debug|Any CPU.ActiveCfg = Debug|Any CPU
		{E8275CA1-06F4-E48D-F380-273801019F6A}.Debug|Any CPU.Build.0 = Debug|Any CPU
		{E8275CA1-06F4-E48D-F380-273801019F6A}.Release|Any CPU.ActiveCfg = Release|Any CPU
		{E8275CA1-06F4-E48D-F380-273801019F6A}.Release|Any CPU.Build.0 = Release|Any CPU
		{580E3411-8A9D-D60B-96C3-9D92E6017477}.Debug|Any CPU.ActiveCfg = Debug|Any CPU
		{580E3411-8A9D-D60B-96C3-9D92E6017477}.Debug|Any CPU.Build.0 = Debug|Any CPU
		{580E3411-8A9D-D60B-96C3-9D92E6017477}.Release|Any CPU.ActiveCfg = Release|Any CPU
		{580E3411-8A9D-D60B-96C3-9D92E6017477}.Release|Any CPU.Build.0 = Release|Any CPU
		{FB46C50C-EC64-A8CF-E0FE-DF5565D35D69}.Debug|Any CPU.ActiveCfg = Debug|Any CPU
		{FB46C50C-EC64-A8CF-E0FE-DF5565D35D69}.Debug|Any CPU.Build.0 = Debug|Any CPU
		{FB46C50C-EC64-A8CF-E0FE-DF5565D35D69}.Release|Any CPU.ActiveCfg = Release|Any CPU
		{FB46C50C-EC64-A8CF-E0FE-DF5565D35D69}.Release|Any CPU.Build.0 = Release|Any CPU
	EndGlobalSection
	GlobalSection(SolutionProperties) = preSolution
		HideSolutionNode = FALSE
	EndGlobalSection
	GlobalSection(MonoDevelopProperties) = preSolution
		StartupItem = Assembly-CSharp.csproj
	EndGlobalSection
EndGlobal
