Microsoft Visual Studio Solution File, Format Version 11.00
# Visual Studio 2008

Project("{6D3C60C4-BA73-8AC3-C6CB-18EA6E6C916D}") = "Room-Escape-VR", "Assembly-CSharp-firstpass.csproj", "{D0783309-3E1E-544E-AB27-755DE9705199}"
EndProject
Project("{6D3C60C4-BA73-8AC3-C6CB-18EA6E6C916D}") = "Room-Escape-VR", "Assembly-CSharp.csproj", "{D4BEEF63-C8F5-6C62-9CAF-526DE23B10B0}"
EndProject
Project("{6D3C60C4-BA73-8AC3-C6CB-18EA6E6C916D}") = "Room-Escape-VR", "Assembly-CSharp-Editor.csproj", "{69D56604-376F-58B9-0F1F-F2EE3E83C9A7}"
EndProject
Global
	GlobalSection(SolutionConfigurationPlatforms) = preSolution
		Debug|Any CPU = Debug|Any CPU
		Release|Any CPU = Release|Any CPU
	EndGlobalSection
	GlobalSection(ProjectConfigurationPlatforms) = postSolution
		{D0783309-3E1E-544E-AB27-755DE9705199}.Debug|Any CPU.ActiveCfg = Debug|Any CPU
		{D0783309-3E1E-544E-AB27-755DE9705199}.Debug|Any CPU.Build.0 = Debug|Any CPU
		{D0783309-3E1E-544E-AB27-755DE9705199}.Release|Any CPU.ActiveCfg = Release|Any CPU
		{D0783309-3E1E-544E-AB27-755DE9705199}.Release|Any CPU.Build.0 = Release|Any CPU
		{D4BEEF63-C8F5-6C62-9CAF-526DE23B10B0}.Debug|Any CPU.ActiveCfg = Debug|Any CPU
		{D4BEEF63-C8F5-6C62-9CAF-526DE23B10B0}.Debug|Any CPU.Build.0 = Debug|Any CPU
		{D4BEEF63-C8F5-6C62-9CAF-526DE23B10B0}.Release|Any CPU.ActiveCfg = Release|Any CPU
		{D4BEEF63-C8F5-6C62-9CAF-526DE23B10B0}.Release|Any CPU.Build.0 = Release|Any CPU
		{69D56604-376F-58B9-0F1F-F2EE3E83C9A7}.Debug|Any CPU.ActiveCfg = Debug|Any CPU
		{69D56604-376F-58B9-0F1F-F2EE3E83C9A7}.Debug|Any CPU.Build.0 = Debug|Any CPU
		{69D56604-376F-58B9-0F1F-F2EE3E83C9A7}.Release|Any CPU.ActiveCfg = Release|Any CPU
		{69D56604-376F-58B9-0F1F-F2EE3E83C9A7}.Release|Any CPU.Build.0 = Release|Any CPU
	EndGlobalSection
	GlobalSection(SolutionProperties) = preSolution
		HideSolutionNode = FALSE
	EndGlobalSection
	GlobalSection(MonoDevelopProperties) = preSolution
		StartupItem = Assembly-CSharp.csproj
	EndGlobalSection
EndGlobal
